Microsoft Visual Studio Solution File, Format Version 12.00
# Visual Studio 2012
Project("{FAE04EC0-301F-11D3-BF4B-00C04F79EFBC}") = "SpaceshipGame", "SpaceshipGame.csproj", "{9D50200B-D1E1-41F1-97BD-F3F057B8B272}"
EndProject
Global
	GlobalSection(SolutionConfigurationPlatforms) = preSolution
	Debug|Any CPU = Debug|Any CPU
	ExportDebug|Any CPU = ExportDebug|Any CPU
	ExportRelease|Any CPU = ExportRelease|Any CPU
	EndGlobalSection
	GlobalSection(ProjectConfigurationPlatforms) = postSolution
		{9D50200B-D1E1-41F1-97BD-F3F057B8B272}.Debug|Any CPU.ActiveCfg = Debug|Any CPU
		{9D50200B-D1E1-41F1-97BD-F3F057B8B272}.Debug|Any CPU.Build.0 = Debug|Any CPU
		{9D50200B-D1E1-41F1-97BD-F3F057B8B272}.ExportDebug|Any CPU.ActiveCfg = ExportDebug|Any CPU
		{9D50200B-D1E1-41F1-97BD-F3F057B8B272}.ExportDebug|Any CPU.Build.0 = ExportDebug|Any CPU
		{9D50200B-D1E1-41F1-97BD-F3F057B8B272}.ExportRelease|Any CPU.ActiveCfg = ExportRelease|Any CPU
		{9D50200B-D1E1-41F1-97BD-F3F057B8B272}.ExportRelease|Any CPU.Build.0 = ExportRelease|Any CPU
	EndGlobalSection
EndGlobal
